
Microsoft Visual Studio Solution File, Format Version 12.00
# Visual Studio Version 17
VisualStudioVersion = 17.11.35312.102
MinimumVisualStudioVersion = 10.0.40219.1
Project("{FAE04EC0-301F-11D3-BF4B-00C04F79EFBC}") = "PrimeiraApi", "PrimeiraApi\PrimeiraApi.csproj", "{20998A0F-0085-43D1-9CC2-00003A1DE9D3}"
EndProject
Global
	GlobalSection(SolutionConfigurationPlatforms) = preSolution
		Debug|Any CPU = Debug|Any CPU
		Release|Any CPU = Release|Any CPU
	EndGlobalSection
	GlobalSection(ProjectConfigurationPlatforms) = postSolution
		{20998A0F-0085-43D1-9CC2-00003A1DE9D3}.Debug|Any CPU.ActiveCfg = Debug|Any CPU
		{20998A0F-0085-43D1-9CC2-00003A1DE9D3}.Debug|Any CPU.Build.0 = Debug|Any CPU
		{20998A0F-0085-43D1-9CC2-00003A1DE9D3}.Release|Any CPU.ActiveCfg = Release|Any CPU
		{20998A0F-0085-43D1-9CC2-00003A1DE9D3}.Release|Any CPU.Build.0 = Release|Any CPU
	EndGlobalSection
	GlobalSection(SolutionProperties) = preSolution
		HideSolutionNode = FALSE
	EndGlobalSection
	GlobalSection(ExtensibilityGlobals) = postSolution
		SolutionGuid = {95C317A9-DF15-47C4-BCDB-8650B75F8592}
	EndGlobalSection
EndGlobal
